
Microsoft Visual Studio Solution File, Format Version 12.00
# Visual Studio Version 17
VisualStudioVersion = 17.7.34202.233
MinimumVisualStudioVersion = 10.0.40219.1
Project("{FAE04EC0-301F-11D3-BF4B-00C04F79EFBC}") = "Cine", "Cine\Cine.csproj", "{DBB9C0DE-03A9-468D-9B20-2C23584DC167}"
EndProject
Global
	GlobalSection(SolutionConfigurationPlatforms) = preSolution
		Debug|Any CPU = Debug|Any CPU
		Release|Any CPU = Release|Any CPU
	EndGlobalSection
	GlobalSection(ProjectConfigurationPlatforms) = postSolution
		{DBB9C0DE-03A9-468D-9B20-2C23584DC167}.Debug|Any CPU.ActiveCfg = Debug|Any CPU
		{DBB9C0DE-03A9-468D-9B20-2C23584DC167}.Debug|Any CPU.Build.0 = Debug|Any CPU
		{DBB9C0DE-03A9-468D-9B20-2C23584DC167}.Release|Any CPU.ActiveCfg = Release|Any CPU
		{DBB9C0DE-03A9-468D-9B20-2C23584DC167}.Release|Any CPU.Build.0 = Release|Any CPU
	EndGlobalSection
	GlobalSection(SolutionProperties) = preSolution
		HideSolutionNode = FALSE
	EndGlobalSection
	GlobalSection(ExtensibilityGlobals) = postSolution
		SolutionGuid = {85AC3F2F-25C3-42A9-BF82-4A43ED3F470C}
	EndGlobalSection
EndGlobal
